
Microsoft Visual Studio Solution File, Format Version 12.00
# Visual Studio Version 17
VisualStudioVersion = 17.5.33414.496
MinimumVisualStudioVersion = 10.0.40219.1
Project("{FAE04EC0-301F-11D3-BF4B-00C04F79EFBC}") = "DescuentoPrecio", "DescuentoPrecio\DescuentoPrecio.csproj", "{31D6960A-3C8F-470C-AA65-C208F9CE834D}"
EndProject
Global
	GlobalSection(SolutionConfigurationPlatforms) = preSolution
		Debug|Any CPU = Debug|Any CPU
		Release|Any CPU = Release|Any CPU
	EndGlobalSection
	GlobalSection(ProjectConfigurationPlatforms) = postSolution
		{31D6960A-3C8F-470C-AA65-C208F9CE834D}.Debug|Any CPU.ActiveCfg = Debug|Any CPU
		{31D6960A-3C8F-470C-AA65-C208F9CE834D}.Debug|Any CPU.Build.0 = Debug|Any CPU
		{31D6960A-3C8F-470C-AA65-C208F9CE834D}.Release|Any CPU.ActiveCfg = Release|Any CPU
		{31D6960A-3C8F-470C-AA65-C208F9CE834D}.Release|Any CPU.Build.0 = Release|Any CPU
	EndGlobalSection
	GlobalSection(SolutionProperties) = preSolution
		HideSolutionNode = FALSE
	EndGlobalSection
	GlobalSection(ExtensibilityGlobals) = postSolution
		SolutionGuid = {C8783485-79AA-43CC-9334-618F55D2BDC0}
	EndGlobalSection
EndGlobal
